version = 1
revision = 2
requires-python = ">=3.12"

# Lock resolution is intentionally regenerated by `uv lock` in a network-enabled
# environment. The initial resolution could not contact the configured PyPI
# index in this execution environment.
[[package]]
name = "project-aurora"
version = "0.1.0"
source = { virtual = "." }
